# This file was autogenerated by Stack.
# You should not edit this file by hand.
# For more information, please see the documentation at:
#   https://docs.haskellstack.org/en/stable/lock_files

packages:
- completed:
    hackage: cryptonite-0.26@sha256:43c722f3770c31f4c5376e7aa42645b104834103312e217aa7fe79316416d6df,17352
    pantry-tree:
      size: 22455
      sha256: cbec4c7bd57508339510f18df64827dbd65eb7ede00db07a463a36aecdda077c
  original:
    hackage: cryptonite-0.26@sha256:43c722f3770c31f4c5376e7aa42645b104834103312e217aa7fe79316416d6df,17352
- completed:
    hackage: secp256k1-haskell-0.5.0@sha256:26d8897b0b81a1ca46134e3b1cc7784c975880e2334936d92681b07ae9703c26,2158
    pantry-tree:
      size: 599
      sha256: e1e0b1d98213c7874a4260b946d1024571ac659e81822d51ea1df7d00f4c14b0
  original:
    hackage: secp256k1-haskell-0.5.0
- completed:
    hackage: parameterized-0.5.0.0@sha256:880717fbb958de1bac015f0a375ab6636f162a72483d987a11e305da6fac6c97,1969
    pantry-tree:
      size: 1019
      sha256: 843aed822e03279edf00a2595dfb22038b306f4f0acd6984bd108024c5102f90
  original:
    hackage: parameterized-0.5.0.0@sha256:880717fbb958de1bac015f0a375ab6636f162a72483d987a11e305da6fac6c97,1969
- completed:
    hackage: ghc-source-gen-0.4.0.0@sha256:b6cdde6b183e70f6fbed3b0a45ad6640204b636e9a7fb898c5d7ec79719f14a1,3698
    pantry-tree:
      size: 2304
      sha256: c7b9e9e90e9bb22ff0fb39970eb9fb6abbc157590f4ebb148897a174290bf028
  original:
    hackage: ghc-source-gen-0.4.0.0@sha256:b6cdde6b183e70f6fbed3b0a45ad6640204b636e9a7fb898c5d7ec79719f14a1,3698
- completed:
    hackage: proto-lens-0.7.0.0@sha256:2c44a62375f7712f9381f84b1d30cee2f94384f1c98801db2f4450359a8e5036,3036
    pantry-tree:
      size: 1857
      sha256: b8e95cae7459e6a601abe32df92c5b24685765f4dd402fd84d8fd1e5b04892d2
  original:
    hackage: proto-lens-0.7.0.0@sha256:2c44a62375f7712f9381f84b1d30cee2f94384f1c98801db2f4450359a8e5036,3036
- completed:
    hackage: proto-lens-protoc-0.7.0.0@sha256:04e57ec59ce21dc781b9debe063f03d85a7ec2ad1ee5c2deb1c30282119e9119,2304
    pantry-tree:
      size: 1219
      sha256: 990ccd28c9fda706123c50032d83adbf1ba3bdc914f206d8587ddb6d49d4686e
  original:
    hackage: proto-lens-protoc-0.7.0.0
- completed:
    hackage: proto-lens-runtime-0.7.0.0@sha256:d6cfab159a63f5c42a1a507638c674a714dfa5f69a06f559e8da840eaafde3ab,3115
    pantry-tree:
      size: 168
      sha256: 25214e3dfa3d36b453da5be39f392699ac78ada5ded8a1384668e3e3cd9234e4
  original:
    hackage: proto-lens-runtime-0.7.0.0
- completed:
    hackage: proto-lens-arbitrary-0.1.2.9@sha256:460627c82fa9df22884af158cc25f45b994f1c4c068a84f10c80225726dafffe,1273
    pantry-tree:
      size: 289
      sha256: 671ae926b84350a7ac5e840c98ee23d056b076cec08517902e499b063c17204e
  original:
    hackage: proto-lens-arbitrary-0.1.2.9
- completed:
    hackage: base16-bytestring-1.0.1.0@sha256:33b9d57afa334d06485033e930c6b13fc760baf88fd8f715ae2f9a4b46e19a54,2641
    pantry-tree:
      size: 595
      sha256: 24661ef9b1089d468227300f8ceb89194b5cce68b9f6ed8109b01f63c07f54e3
  original:
    hackage: base16-bytestring-1.0.1.0
snapshots:
- completed:
    size: 524996
    url: https://raw.githubusercontent.com/commercialhaskell/stackage-snapshots/master/lts/14/27.yaml
    sha256: 7ea31a280c56bf36ff591a7397cc384d0dff622e7f9e4225b47d8980f019a0f0
  original: lts-14.27
