# This file was autogenerated by Stack.
# You should not edit this file by hand.
# For more information, please see the documentation at:
#   https://docs.haskellstack.org/en/stable/lock_files

packages:
- completed:
    hackage: cryptonite-0.26@sha256:43c722f3770c31f4c5376e7aa42645b104834103312e217aa7fe79316416d6df,17352
    pantry-tree:
      size: 22455
      sha256: cbec4c7bd57508339510f18df64827dbd65eb7ede00db07a463a36aecdda077c
  original:
    hackage: cryptonite-0.26@sha256:43c722f3770c31f4c5376e7aa42645b104834103312e217aa7fe79316416d6df,17352
snapshots:
- completed:
    size: 524996
    url: https://raw.githubusercontent.com/commercialhaskell/stackage-snapshots/master/lts/14/27.yaml
    sha256: 7ea31a280c56bf36ff591a7397cc384d0dff622e7f9e4225b47d8980f019a0f0
  original: lts-14.27
